
Microsoft Visual Studio Solution File, Format Version 12.00
# Visual Studio Version 17
VisualStudioVersion = 17.3.32922.545
MinimumVisualStudioVersion = 10.0.40219.1
Project("{9A19103F-16F7-4668-BE54-9A1E7A4F7556}") = "Proyecto", "Proyecto.csproj", "{F6BF87DD-161E-4445-8C96-940F711DF079}"
EndProject
Project("{2150E333-8FDC-42A3-9474-1A3956D46DE8}") = "Solution Items", "Solution Items", "{CB18720A-0E8C-4CCD-B1ED-73675A9BEF8E}"
	ProjectSection(SolutionItems) = preProject
		.editorconfig = .editorconfig
	EndProjectSection
EndProject
Global
	GlobalSection(SolutionConfigurationPlatforms) = preSolution
		Debug|Any CPU = Debug|Any CPU
		Release|Any CPU = Release|Any CPU
	EndGlobalSection
	GlobalSection(ProjectConfigurationPlatforms) = postSolution
		{F6BF87DD-161E-4445-8C96-940F711DF079}.Debug|Any CPU.ActiveCfg = Debug|Any CPU
		{F6BF87DD-161E-4445-8C96-940F711DF079}.Debug|Any CPU.Build.0 = Debug|Any CPU
		{F6BF87DD-161E-4445-8C96-940F711DF079}.Release|Any CPU.ActiveCfg = Release|Any CPU
		{F6BF87DD-161E-4445-8C96-940F711DF079}.Release|Any CPU.Build.0 = Release|Any CPU
	EndGlobalSection
	GlobalSection(SolutionProperties) = preSolution
		HideSolutionNode = FALSE
	EndGlobalSection
	GlobalSection(ExtensibilityGlobals) = postSolution
		SolutionGuid = {D1E5E39A-9632-4A96-8B9F-09AD486EE536}
	EndGlobalSection
EndGlobal
